// !$*UTF8*$!
{
	archiveVersion = 1;
	classes = {
	};
	objectVersion = 48;
	objects = {

/* Begin PBXBuildFile section */
		AE7588421F9760340023E84D /* main.swift in Sources */ = {isa = PBXBuildFile; fileRef = AE7588411F9760340023E84D /* main.swift */; };
		AE75885E1F98AC380023E84D /* CorpusParser.swift in Sources */ = {isa = PBXBuildFile; fileRef = AE75885D1F98AC380023E84D /* CorpusParser.swift */; };
		AE7588601F98AC870023E84D /* CorpusAnalyser.swift in Sources */ = {isa = PBXBuildFile; fileRef = AE75885F1F98AC870023E84D /* CorpusAnalyser.swift */; };
		AE7588621F98AE550023E84D /* TextGenerator.swift in Sources */ = {isa = PBXBuildFile; fileRef = AE7588611F98AE550023E84D /* TextGenerator.swift */; };
		AE7588661F98D8B00023E84D /* Extensions.swift in Sources */ = {isa = PBXBuildFile; fileRef = AE7588651F98D8B00023E84D /* Extensions.swift */; };
		AE7588681F98DB290023E84D /* ulysses.rtf in CopyFiles */ = {isa = PBXBuildFile; fileRef = AE7588671F98DB110023E84D /* ulysses.rtf */; };
/* End PBXBuildFile section */

/* Begin PBXCopyFilesBuildPhase section */
		AE75883C1F9760340023E84D /* CopyFiles */ = {
			isa = PBXCopyFilesBuildPhase;
			buildActionMask = 12;
			dstPath = "";
			dstSubfolderSpec = 7;
			files = (
				AE7588681F98DB290023E84D /* ulysses.rtf in CopyFiles */,
			);
			runOnlyForDeploymentPostprocessing = 0;
		};
/* End PBXCopyFilesBuildPhase section */

/* Begin PBXFileReference section */
		AE75883E1F9760340023E84D /* MarkovChain */ = {isa = PBXFileReference; explicitFileType = "compiled.mach-o.executable"; includeInIndex = 0; path = MarkovChain; sourceTree = BUILT_PRODUCTS_DIR; };
		AE7588411F9760340023E84D /* main.swift */ = {isa = PBXFileReference; lastKnownFileType = sourcecode.swift; path = main.swift; sourceTree = "<group>"; };
		AE75885D1F98AC380023E84D /* CorpusParser.swift */ = {isa = PBXFileReference; lastKnownFileType = sourcecode.swift; name = CorpusParser.swift; path = ../CorpusParser.swift; sourceTree = "<group>"; };
		AE75885F1F98AC870023E84D /* CorpusAnalyser.swift */ = {isa = PBXFileReference; lastKnownFileType = sourcecode.swift; name = CorpusAnalyser.swift; path = ../CorpusAnalyser.swift; sourceTree = "<group>"; };
		AE7588611F98AE550023E84D /* TextGenerator.swift */ = {isa = PBXFileReference; lastKnownFileType = sourcecode.swift; name = TextGenerator.swift; path = ../TextGenerator.swift; sourceTree = "<group>"; };
		AE7588651F98D8B00023E84D /* Extensions.swift */ = {isa = PBXFileReference; lastKnownFileType = sourcecode.swift; path = Extensions.swift; sourceTree = "<group>"; };
		AE7588671F98DB110023E84D /* ulysses.rtf */ = {isa = PBXFileReference; fileEncoding = 4; lastKnownFileType = text.rtf; name = ulysses.rtf; path = ../../ulysses.rtf; sourceTree = "<group>"; };
/* End PBXFileReference section */

/* Begin PBXFrameworksBuildPhase section */
		AE75883B1F9760340023E84D /* Frameworks */ = {
			isa = PBXFrameworksBuildPhase;
			buildActionMask = 2147483647;
			files = (
			);
			runOnlyForDeploymentPostprocessing = 0;
		};
/* End PBXFrameworksBuildPhase section */

/* Begin PBXGroup section */
		AE7588351F9760340023E84D = {
			isa = PBXGroup;
			children = (
				AE7588401F9760340023E84D /* MarkovChain */,
				AE75883F1F9760340023E84D /* Products */,
			);
			sourceTree = "<group>";
		};
		AE75883F1F9760340023E84D /* Products */ = {
			isa = PBXGroup;
			children = (
				AE75883E1F9760340023E84D /* MarkovChain */,
			);
			name = Products;
			sourceTree = "<group>";
		};
		AE7588401F9760340023E84D /* MarkovChain */ = {
			isa = PBXGroup;
			children = (
				AE7588411F9760340023E84D /* main.swift */,
				AE7588691F98E9FB0023E84D /* Resources */,
				AE7588641F98D89B0023E84D /* Extensions */,
				AE7588631F98D87E0023E84D /* Chain */,
			);
			path = MarkovChain;
			sourceTree = "<group>";
		};
		AE7588631F98D87E0023E84D /* Chain */ = {
			isa = PBXGroup;
			children = (
				AE7588611F98AE550023E84D /* TextGenerator.swift */,
				AE75885F1F98AC870023E84D /* CorpusAnalyser.swift */,
				AE75885D1F98AC380023E84D /* CorpusParser.swift */,
			);
			path = Chain;
			sourceTree = "<group>";
		};
		AE7588641F98D89B0023E84D /* Extensions */ = {
			isa = PBXGroup;
			children = (
				AE7588651F98D8B00023E84D /* Extensions.swift */,
			);
			path = Extensions;
			sourceTree = "<group>";
		};
		AE7588691F98E9FB0023E84D /* Resources */ = {
			isa = PBXGroup;
			children = (
				AE7588671F98DB110023E84D /* ulysses.rtf */,
			);
			path = Resources;
			sourceTree = "<group>";
		};
/* End PBXGroup section */

/* Begin PBXNativeTarget section */
		AE75883D1F9760340023E84D /* MarkovChain */ = {
			isa = PBXNativeTarget;
			buildConfigurationList = AE7588451F9760340023E84D /* Build configuration list for PBXNativeTarget "MarkovChain" */;
			buildPhases = (
				AE75883A1F9760340023E84D /* Sources */,
				AE75883B1F9760340023E84D /* Frameworks */,
				AE75883C1F9760340023E84D /* CopyFiles */,
			);
			buildRules = (
			);
			dependencies = (
			);
			name = MarkovChain;
			productName = MarkovChain;
			productReference = AE75883E1F9760340023E84D /* MarkovChain */;
			productType = "com.apple.product-type.tool";
		};
/* End PBXNativeTarget section */

/* Begin PBXProject section */
		AE7588361F9760340023E84D /* Project object */ = {
			isa = PBXProject;
			attributes = {
				LastSwiftUpdateCheck = 0900;
				LastUpgradeCheck = 0900;
				ORGANIZATIONNAME = "Diana Komolova";
				TargetAttributes = {
					AE75883D1F9760340023E84D = {
						CreatedOnToolsVersion = 9.0;
						ProvisioningStyle = Automatic;
					};
				};
			};
			buildConfigurationList = AE7588391F9760340023E84D /* Build configuration list for PBXProject "MarkovChain" */;
			compatibilityVersion = "Xcode 8.0";
			developmentRegion = en;
			hasScannedForEncodings = 0;
			knownRegions = (
				en,
			);
			mainGroup = AE7588351F9760340023E84D;
			productRefGroup = AE75883F1F9760340023E84D /* Products */;
			projectDirPath = "";
			projectRoot = "";
			targets = (
				AE75883D1F9760340023E84D /* MarkovChain */,
			);
		};
/* End PBXProject section */

/* Begin PBXSourcesBuildPhase section */
		AE75883A1F9760340023E84D /* Sources */ = {
			isa = PBXSourcesBuildPhase;
			buildActionMask = 2147483647;
			files = (
				AE75885E1F98AC380023E84D /* CorpusParser.swift in Sources */,
				AE7588601F98AC870023E84D /* CorpusAnalyser.swift in Sources */,
				AE7588421F9760340023E84D /* main.swift in Sources */,
				AE7588621F98AE550023E84D /* TextGenerator.swift in Sources */,
				AE7588661F98D8B00023E84D /* Extensions.swift in Sources */,
			);
			runOnlyForDeploymentPostprocessing = 0;
		};
/* End PBXSourcesBuildPhase section */

/* Begin XCBuildConfiguration section */
		AE7588431F9760340023E84D /* Debug */ = {
			isa = XCBuildConfiguration;
			buildSettings = {
				ALWAYS_SEARCH_USER_PATHS = NO;
				CLANG_ANALYZER_NONNULL = YES;
				CLANG_ANALYZER_NUMBER_OBJECT_CONVERSION = YES_AGGRESSIVE;
				CLANG_CXX_LANGUAGE_STANDARD = "gnu++14";
				CLANG_CXX_LIBRARY = "libc++";
				CLANG_ENABLE_MODULES = YES;
				CLANG_ENABLE_OBJC_ARC = YES;
				CLANG_WARN_BLOCK_CAPTURE_AUTORELEASING = YES;
				CLANG_WARN_BOOL_CONVERSION = YES;
				CLANG_WARN_COMMA = YES;
				CLANG_WARN_CONSTANT_CONVERSION = YES;
				CLANG_WARN_DIRECT_OBJC_ISA_USAGE = YES_ERROR;
				CLANG_WARN_DOCUMENTATION_COMMENTS = YES;
				CLANG_WARN_EMPTY_BODY = YES;
				CLANG_WARN_ENUM_CONVERSION = YES;
				CLANG_WARN_INFINITE_RECURSION = YES;
				CLANG_WARN_INT_CONVERSION = YES;
				CLANG_WARN_NON_LITERAL_NULL_CONVERSION = YES;
				CLANG_WARN_OBJC_LITERAL_CONVERSION = YES;
				CLANG_WARN_OBJC_ROOT_CLASS = YES_ERROR;
				CLANG_WARN_RANGE_LOOP_ANALYSIS = YES;
				CLANG_WARN_STRICT_PROTOTYPES = YES;
				CLANG_WARN_SUSPICIOUS_MOVE = YES;
				CLANG_WARN_UNGUARDED_AVAILABILITY = YES_AGGRESSIVE;
				CLANG_WARN_UNREACHABLE_CODE = YES;
				CLANG_WARN__DUPLICATE_METHOD_MATCH = YES;
				CODE_SIGN_IDENTITY = "Mac Developer";
				COPY_PHASE_STRIP = NO;
				DEBUG_INFORMATION_FORMAT = dwarf;
				ENABLE_STRICT_OBJC_MSGSEND = YES;
				ENABLE_TESTABILITY = YES;
				GCC_C_LANGUAGE_STANDARD = gnu11;
				GCC_DYNAMIC_NO_PIC = NO;
				GCC_NO_COMMON_BLOCKS = YES;
				GCC_OPTIMIZATION_LEVEL = 0;
				GCC_PREPROCESSOR_DEFINITIONS = (
					"DEBUG=1",
					"$(inherited)",
				);
				GCC_WARN_64_TO_32_BIT_CONVERSION = YES;
				GCC_WARN_ABOUT_RETURN_TYPE = YES_ERROR;
				GCC_WARN_UNDECLARED_SELECTOR = YES;
				GCC_WARN_UNINITIALIZED_AUTOS = YES_AGGRESSIVE;
				GCC_WARN_UNUSED_FUNCTION = YES;
				GCC_WARN_UNUSED_VARIABLE = YES;
				MACOSX_DEPLOYMENT_TARGET = 10.12;
				MTL_ENABLE_DEBUG_INFO = YES;
				ONLY_ACTIVE_ARCH = YES;
				SDKROOT = macosx;
				SWIFT_ACTIVE_COMPILATION_CONDITIONS = DEBUG;
				SWIFT_OPTIMIZATION_LEVEL = "-Onone";
			};
			name = Debug;
		};
		AE7588441F9760340023E84D /* Release */ = {
			isa = XCBuildConfiguration;
			buildSettings = {
				ALWAYS_SEARCH_USER_PATHS = NO;
				CLANG_ANALYZER_NONNULL = YES;
				CLANG_ANALYZER_NUMBER_OBJECT_CONVERSION = YES_AGGRESSIVE;
				CLANG_CXX_LANGUAGE_STANDARD = "gnu++14";
				CLANG_CXX_LIBRARY = "libc++";
				CLANG_ENABLE_MODULES = YES;
				CLANG_ENABLE_OBJC_ARC = YES;
				CLANG_WARN_BLOCK_CAPTURE_AUTORELEASING = YES;
				CLANG_WARN_BOOL_CONVERSION = YES;
				CLANG_WARN_COMMA = YES;
				CLANG_WARN_CONSTANT_CONVERSION = YES;
				CLANG_WARN_DIRECT_OBJC_ISA_USAGE = YES_ERROR;
				CLANG_WARN_DOCUMENTATION_COMMENTS = YES;
				CLANG_WARN_EMPTY_BODY = YES;
				CLANG_WARN_ENUM_CONVERSION = YES;
				CLANG_WARN_INFINITE_RECURSION = YES;
				CLANG_WARN_INT_CONVERSION = YES;
				CLANG_WARN_NON_LITERAL_NULL_CONVERSION = YES;
				CLANG_WARN_OBJC_LITERAL_CONVERSION = YES;
				CLANG_WARN_OBJC_ROOT_CLASS = YES_ERROR;
				CLANG_WARN_RANGE_LOOP_ANALYSIS = YES;
				CLANG_WARN_STRICT_PROTOTYPES = YES;
				CLANG_WARN_SUSPICIOUS_MOVE = YES;
				CLANG_WARN_UNGUARDED_AVAILABILITY = YES_AGGRESSIVE;
				CLANG_WARN_UNREACHABLE_CODE = YES;
				CLANG_WARN__DUPLICATE_METHOD_MATCH = YES;
				CODE_SIGN_IDENTITY = "Mac Developer";
				COPY_PHASE_STRIP = NO;
				DEBUG_INFORMATION_FORMAT = "dwarf-with-dsym";
				ENABLE_NS_ASSERTIONS = NO;
				ENABLE_STRICT_OBJC_MSGSEND = YES;
				GCC_C_LANGUAGE_STANDARD = gnu11;
				GCC_NO_COMMON_BLOCKS = YES;
				GCC_WARN_64_TO_32_BIT_CONVERSION = YES;
				GCC_WARN_ABOUT_RETURN_TYPE = YES_ERROR;
				GCC_WARN_UNDECLARED_SELECTOR = YES;
				GCC_WARN_UNINITIALIZED_AUTOS = YES_AGGRESSIVE;
				GCC_WARN_UNUSED_FUNCTION = YES;
				GCC_WARN_UNUSED_VARIABLE = YES;
				MACOSX_DEPLOYMENT_TARGET = 10.12;
				MTL_ENABLE_DEBUG_INFO = NO;
				SDKROOT = macosx;
				SWIFT_OPTIMIZATION_LEVEL = "-Owholemodule";
			};
			name = Release;
		};
		AE7588461F9760340023E84D /* Debug */ = {
			isa = XCBuildConfiguration;
			buildSettings = {
				CODE_SIGN_STYLE = Automatic;
				DEVELOPMENT_TEAM = H45TYD97W4;
				PRODUCT_NAME = "$(TARGET_NAME)";
				SWIFT_VERSION = 4.0;
			};
			name = Debug;
		};
		AE7588471F9760340023E84D /* Release */ = {
			isa = XCBuildConfiguration;
			buildSettings = {
				CODE_SIGN_STYLE = Automatic;
				DEVELOPMENT_TEAM = H45TYD97W4;
				PRODUCT_NAME = "$(TARGET_NAME)";
				SWIFT_VERSION = 4.0;
			};
			name = Release;
		};
/* End XCBuildConfiguration section */

/* Begin XCConfigurationList section */
		AE7588391F9760340023E84D /* Build configuration list for PBXProject "MarkovChain" */ = {
			isa = XCConfigurationList;
			buildConfigurations = (
				AE7588431F9760340023E84D /* Debug */,
				AE7588441F9760340023E84D /* Release */,
			);
			defaultConfigurationIsVisible = 0;
			defaultConfigurationName = Release;
		};
		AE7588451F9760340023E84D /* Build configuration list for PBXNativeTarget "MarkovChain" */ = {
			isa = XCConfigurationList;
			buildConfigurations = (
				AE7588461F9760340023E84D /* Debug */,
				AE7588471F9760340023E84D /* Release */,
			);
			defaultConfigurationIsVisible = 0;
			defaultConfigurationName = Release;
		};
/* End XCConfigurationList section */
	};
	rootObject = AE7588361F9760340023E84D /* Project object */;
}
